
Microsoft Visual Studio Solution File, Format Version 12.00
# Visual Studio Version 17
VisualStudioVersion = 17.2.32505.173
MinimumVisualStudioVersion = 10.0.40219.1
Project("{FAE04EC0-301F-11D3-BF4B-00C04F79EFBC}") = "AsynchronousTest", "AsynchronousTest.csproj", "{9FAB5CBE-BF41-4D80-9953-FF755B78FBC8}"
EndProject
Global
	GlobalSection(SolutionConfigurationPlatforms) = preSolution
		Debug|Any CPU = Debug|Any CPU
		Release|Any CPU = Release|Any CPU
	EndGlobalSection
	GlobalSection(ProjectConfigurationPlatforms) = postSolution
		{9FAB5CBE-BF41-4D80-9953-FF755B78FBC8}.Debug|Any CPU.ActiveCfg = Debug|Any CPU
		{9FAB5CBE-BF41-4D80-9953-FF755B78FBC8}.Debug|Any CPU.Build.0 = Debug|Any CPU
		{9FAB5CBE-BF41-4D80-9953-FF755B78FBC8}.Release|Any CPU.ActiveCfg = Release|Any CPU
		{9FAB5CBE-BF41-4D80-9953-FF755B78FBC8}.Release|Any CPU.Build.0 = Release|Any CPU
	EndGlobalSection
	GlobalSection(SolutionProperties) = preSolution
		HideSolutionNode = FALSE
	EndGlobalSection
	GlobalSection(ExtensibilityGlobals) = postSolution
		SolutionGuid = {469EA576-1118-43BE-8018-F412CFF9DAAC}
	EndGlobalSection
EndGlobal
